
Microsoft Visual Studio Solution File, Format Version 12.00
# Visual Studio Version 17
VisualStudioVersion = 17.2.32616.157
MinimumVisualStudioVersion = 10.0.40219.1
Project("{9A19103F-16F7-4668-BE54-9A1E7A4F7556}") = "LibaryWeb", "LibaryWeb\LibaryWeb.csproj", "{462380B1-4480-4AA2-88FB-06E8B28FD21C}"
EndProject
Global
	GlobalSection(SolutionConfigurationPlatforms) = preSolution
		Debug|Any CPU = Debug|Any CPU
		Release|Any CPU = Release|Any CPU
	EndGlobalSection
	GlobalSection(ProjectConfigurationPlatforms) = postSolution
		{462380B1-4480-4AA2-88FB-06E8B28FD21C}.Debug|Any CPU.ActiveCfg = Debug|Any CPU
		{462380B1-4480-4AA2-88FB-06E8B28FD21C}.Debug|Any CPU.Build.0 = Debug|Any CPU
		{462380B1-4480-4AA2-88FB-06E8B28FD21C}.Release|Any CPU.ActiveCfg = Release|Any CPU
		{462380B1-4480-4AA2-88FB-06E8B28FD21C}.Release|Any CPU.Build.0 = Release|Any CPU
	EndGlobalSection
	GlobalSection(SolutionProperties) = preSolution
		HideSolutionNode = FALSE
	EndGlobalSection
	GlobalSection(ExtensibilityGlobals) = postSolution
		SolutionGuid = {D33C2241-8285-4F29-8E22-F3F475395CBC}
	EndGlobalSection
EndGlobal
